
Microsoft Visual Studio Solution File, Format Version 12.00
# Visual Studio Version 17
VisualStudioVersion = 17.2.32630.192
MinimumVisualStudioVersion = 10.0.40219.1
Project("{9A19103F-16F7-4668-BE54-9A1E7A4F7556}") = "WebApplication2", "WebApplication2\WebApplication2.csproj", "{B51773FB-9191-43A2-8733-440243D4BCB4}"
EndProject
Global
	GlobalSection(SolutionConfigurationPlatforms) = preSolution
		Debug|Any CPU = Debug|Any CPU
		Release|Any CPU = Release|Any CPU
	EndGlobalSection
	GlobalSection(ProjectConfigurationPlatforms) = postSolution
		{B51773FB-9191-43A2-8733-440243D4BCB4}.Debug|Any CPU.ActiveCfg = Debug|Any CPU
		{B51773FB-9191-43A2-8733-440243D4BCB4}.Debug|Any CPU.Build.0 = Debug|Any CPU
		{B51773FB-9191-43A2-8733-440243D4BCB4}.Release|Any CPU.ActiveCfg = Release|Any CPU
		{B51773FB-9191-43A2-8733-440243D4BCB4}.Release|Any CPU.Build.0 = Release|Any CPU
	EndGlobalSection
	GlobalSection(SolutionProperties) = preSolution
		HideSolutionNode = FALSE
	EndGlobalSection
	GlobalSection(ExtensibilityGlobals) = postSolution
		SolutionGuid = {838541A4-6722-489C-8F29-485CFD4A5DDD}
	EndGlobalSection
EndGlobal
